
Microsoft Visual Studio Solution File, Format Version 12.00
# Visual Studio Version 17
VisualStudioVersion = 17.5.002.0
MinimumVisualStudioVersion = 10.0.40219.1
Project("{2150E333-8FDC-42A3-9474-1A3956D46DE8}") = "sandbox", "sandbox", "{7EF31F02-6E6A-40DE-AB3D-470037734836}"
EndProject
Project("{9A19103F-16F7-4668-BE54-9A1E7A4F7556}") = "sandbox_project", "sandbox\sandbox_project\sandbox_project.csproj", "{6B674B4D-0B25-4D9D-8510-C9C18DB598E1}"
EndProject
Project("{2150E333-8FDC-42A3-9474-1A3956D46DE8}") = "week01", "week01", "{127D332A-24C9-40A6-A16E-A2195A5A4037}"
EndProject
Project("{9A19103F-16F7-4668-BE54-9A1E7A4F7556}") = "analyze", "week01\analyze\analyze.csproj", "{740388AF-B28D-46BB-A0DC-57DE9EDDDC1C}"
EndProject
Project("{9A19103F-16F7-4668-BE54-9A1E7A4F7556}") = "code", "week01\code\code.csproj", "{4294C3C6-51FB-44DF-AE8F-F5BCF5DAFB6A}"
EndProject
Project("{9A19103F-16F7-4668-BE54-9A1E7A4F7556}") = "teach", "week01\teach\teach.csproj", "{AF51FC3B-558C-4DC0-A774-22744E3A6516}"
EndProject
Project("{2150E333-8FDC-42A3-9474-1A3956D46DE8}") = "week02", "week02", "{F2DD2337-DF3C-4AB1-89F1-2BBA998160F8}"
EndProject
Project("{9A19103F-16F7-4668-BE54-9A1E7A4F7556}") = "analyze", "week02\analyze\analyze.csproj", "{E76F76F6-84CC-4DE7-8693-774B38577BB6}"
EndProject
Project("{9A19103F-16F7-4668-BE54-9A1E7A4F7556}") = "code", "week02\code\code.csproj", "{F94C8D2A-C633-4E21-A023-8287ECC7051E}"
EndProject
Project("{9A19103F-16F7-4668-BE54-9A1E7A4F7556}") = "learn", "week02\learn\learn.csproj", "{0ACA88C2-F480-4546-BC7B-0178CE8FDDEF}"
EndProject
Project("{9A19103F-16F7-4668-BE54-9A1E7A4F7556}") = "teach", "week02\teach\teach.csproj", "{D2141CF5-21B0-4F25-B08B-27F6AA03B424}"
EndProject
Project("{2150E333-8FDC-42A3-9474-1A3956D46DE8}") = "week03", "week03", "{271D05AB-B26A-4E21-A95C-B48655FD77F0}"
EndProject
Project("{9A19103F-16F7-4668-BE54-9A1E7A4F7556}") = "code", "week03\code\code.csproj", "{1D0D49CD-3AD2-446F-9992-B5FF6B8A48DC}"
EndProject
Project("{9A19103F-16F7-4668-BE54-9A1E7A4F7556}") = "learn", "week03\learn\learn.csproj", "{DD66E8A8-73B9-4636-ACBE-F155BDE32824}"
EndProject
Project("{9A19103F-16F7-4668-BE54-9A1E7A4F7556}") = "teach", "week03\teach\teach.csproj", "{66254CC6-A832-428C-91E4-805CA341B105}"
EndProject
Project("{2150E333-8FDC-42A3-9474-1A3956D46DE8}") = "week04", "week04", "{65A2FEAB-C460-41B0-B599-5B5025B9C7CD}"
EndProject
Project("{9A19103F-16F7-4668-BE54-9A1E7A4F7556}") = "code", "week04\code\code.csproj", "{FB5ED71E-9AA3-4A59-A719-CEDD8098B092}"
EndProject
Project("{2150E333-8FDC-42A3-9474-1A3956D46DE8}") = "week05", "week05", "{3EEB32DE-9689-46FD-9E41-D012BD9EBDC8}"
EndProject
Project("{9A19103F-16F7-4668-BE54-9A1E7A4F7556}") = "code", "week05\code\code.csproj", "{13E06028-D91F-468D-81DA-2A65746C72E9}"
EndProject
Project("{2150E333-8FDC-42A3-9474-1A3956D46DE8}") = "week06", "week06", "{7DBFAA2A-2E7E-4A8B-8B7A-3BCA8A6F19DD}"
EndProject
Project("{9A19103F-16F7-4668-BE54-9A1E7A4F7556}") = "code", "week06\code\code.csproj", "{AFD43A07-E6FD-47A6-B295-1F0F338124C3}"
EndProject
Global
	GlobalSection(SolutionConfigurationPlatforms) = preSolution
		Debug|Any CPU = Debug|Any CPU
		Release|Any CPU = Release|Any CPU
	EndGlobalSection
	GlobalSection(ProjectConfigurationPlatforms) = postSolution
		{6B674B4D-0B25-4D9D-8510-C9C18DB598E1}.Debug|Any CPU.ActiveCfg = Debug|Any CPU
		{6B674B4D-0B25-4D9D-8510-C9C18DB598E1}.Debug|Any CPU.Build.0 = Debug|Any CPU
		{6B674B4D-0B25-4D9D-8510-C9C18DB598E1}.Release|Any CPU.ActiveCfg = Release|Any CPU
		{6B674B4D-0B25-4D9D-8510-C9C18DB598E1}.Release|Any CPU.Build.0 = Release|Any CPU
		{740388AF-B28D-46BB-A0DC-57DE9EDDDC1C}.Debug|Any CPU.ActiveCfg = Debug|Any CPU
		{740388AF-B28D-46BB-A0DC-57DE9EDDDC1C}.Debug|Any CPU.Build.0 = Debug|Any CPU
		{740388AF-B28D-46BB-A0DC-57DE9EDDDC1C}.Release|Any CPU.ActiveCfg = Release|Any CPU
		{740388AF-B28D-46BB-A0DC-57DE9EDDDC1C}.Release|Any CPU.Build.0 = Release|Any CPU
		{4294C3C6-51FB-44DF-AE8F-F5BCF5DAFB6A}.Debug|Any CPU.ActiveCfg = Debug|Any CPU
		{4294C3C6-51FB-44DF-AE8F-F5BCF5DAFB6A}.Debug|Any CPU.Build.0 = Debug|Any CPU
		{4294C3C6-51FB-44DF-AE8F-F5BCF5DAFB6A}.Release|Any CPU.ActiveCfg = Release|Any CPU
		{4294C3C6-51FB-44DF-AE8F-F5BCF5DAFB6A}.Release|Any CPU.Build.0 = Release|Any CPU
		{AF51FC3B-558C-4DC0-A774-22744E3A6516}.Debug|Any CPU.ActiveCfg = Debug|Any CPU
		{AF51FC3B-558C-4DC0-A774-22744E3A6516}.Debug|Any CPU.Build.0 = Debug|Any CPU
		{AF51FC3B-558C-4DC0-A774-22744E3A6516}.Release|Any CPU.ActiveCfg = Release|Any CPU
		{AF51FC3B-558C-4DC0-A774-22744E3A6516}.Release|Any CPU.Build.0 = Release|Any CPU
		{E76F76F6-84CC-4DE7-8693-774B38577BB6}.Debug|Any CPU.ActiveCfg = Debug|Any CPU
		{E76F76F6-84CC-4DE7-8693-774B38577BB6}.Debug|Any CPU.Build.0 = Debug|Any CPU
		{E76F76F6-84CC-4DE7-8693-774B38577BB6}.Release|Any CPU.ActiveCfg = Release|Any CPU
		{E76F76F6-84CC-4DE7-8693-774B38577BB6}.Release|Any CPU.Build.0 = Release|Any CPU
		{F94C8D2A-C633-4E21-A023-8287ECC7051E}.Debug|Any CPU.ActiveCfg = Debug|Any CPU
		{F94C8D2A-C633-4E21-A023-8287ECC7051E}.Debug|Any CPU.Build.0 = Debug|Any CPU
		{F94C8D2A-C633-4E21-A023-8287ECC7051E}.Release|Any CPU.ActiveCfg = Release|Any CPU
		{F94C8D2A-C633-4E21-A023-8287ECC7051E}.Release|Any CPU.Build.0 = Release|Any CPU
		{0ACA88C2-F480-4546-BC7B-0178CE8FDDEF}.Debug|Any CPU.ActiveCfg = Debug|Any CPU
		{0ACA88C2-F480-4546-BC7B-0178CE8FDDEF}.Debug|Any CPU.Build.0 = Debug|Any CPU
		{0ACA88C2-F480-4546-BC7B-0178CE8FDDEF}.Release|Any CPU.ActiveCfg = Release|Any CPU
		{0ACA88C2-F480-4546-BC7B-0178CE8FDDEF}.Release|Any CPU.Build.0 = Release|Any CPU
		{D2141CF5-21B0-4F25-B08B-27F6AA03B424}.Debug|Any CPU.ActiveCfg = Debug|Any CPU
		{D2141CF5-21B0-4F25-B08B-27F6AA03B424}.Debug|Any CPU.Build.0 = Debug|Any CPU
		{D2141CF5-21B0-4F25-B08B-27F6AA03B424}.Release|Any CPU.ActiveCfg = Release|Any CPU
		{D2141CF5-21B0-4F25-B08B-27F6AA03B424}.Release|Any CPU.Build.0 = Release|Any CPU
		{1D0D49CD-3AD2-446F-9992-B5FF6B8A48DC}.Debug|Any CPU.ActiveCfg = Debug|Any CPU
		{1D0D49CD-3AD2-446F-9992-B5FF6B8A48DC}.Debug|Any CPU.Build.0 = Debug|Any CPU
		{1D0D49CD-3AD2-446F-9992-B5FF6B8A48DC}.Release|Any CPU.ActiveCfg = Release|Any CPU
		{1D0D49CD-3AD2-446F-9992-B5FF6B8A48DC}.Release|Any CPU.Build.0 = Release|Any CPU
		{DD66E8A8-73B9-4636-ACBE-F155BDE32824}.Debug|Any CPU.ActiveCfg = Debug|Any CPU
		{DD66E8A8-73B9-4636-ACBE-F155BDE32824}.Debug|Any CPU.Build.0 = Debug|Any CPU
		{DD66E8A8-73B9-4636-ACBE-F155BDE32824}.Release|Any CPU.ActiveCfg = Release|Any CPU
		{DD66E8A8-73B9-4636-ACBE-F155BDE32824}.Release|Any CPU.Build.0 = Release|Any CPU
		{66254CC6-A832-428C-91E4-805CA341B105}.Debug|Any CPU.ActiveCfg = Debug|Any CPU
		{66254CC6-A832-428C-91E4-805CA341B105}.Debug|Any CPU.Build.0 = Debug|Any CPU
		{66254CC6-A832-428C-91E4-805CA341B105}.Release|Any CPU.ActiveCfg = Release|Any CPU
		{66254CC6-A832-428C-91E4-805CA341B105}.Release|Any CPU.Build.0 = Release|Any CPU
		{FB5ED71E-9AA3-4A59-A719-CEDD8098B092}.Debug|Any CPU.ActiveCfg = Debug|Any CPU
		{FB5ED71E-9AA3-4A59-A719-CEDD8098B092}.Debug|Any CPU.Build.0 = Debug|Any CPU
		{FB5ED71E-9AA3-4A59-A719-CEDD8098B092}.Release|Any CPU.ActiveCfg = Release|Any CPU
		{FB5ED71E-9AA3-4A59-A719-CEDD8098B092}.Release|Any CPU.Build.0 = Release|Any CPU
		{13E06028-D91F-468D-81DA-2A65746C72E9}.Debug|Any CPU.ActiveCfg = Debug|Any CPU
		{13E06028-D91F-468D-81DA-2A65746C72E9}.Debug|Any CPU.Build.0 = Debug|Any CPU
		{13E06028-D91F-468D-81DA-2A65746C72E9}.Release|Any CPU.ActiveCfg = Release|Any CPU
		{13E06028-D91F-468D-81DA-2A65746C72E9}.Release|Any CPU.Build.0 = Release|Any CPU
		{AFD43A07-E6FD-47A6-B295-1F0F338124C3}.Debug|Any CPU.ActiveCfg = Debug|Any CPU
		{AFD43A07-E6FD-47A6-B295-1F0F338124C3}.Debug|Any CPU.Build.0 = Debug|Any CPU
		{AFD43A07-E6FD-47A6-B295-1F0F338124C3}.Release|Any CPU.ActiveCfg = Release|Any CPU
		{AFD43A07-E6FD-47A6-B295-1F0F338124C3}.Release|Any CPU.Build.0 = Release|Any CPU
	EndGlobalSection
	GlobalSection(SolutionProperties) = preSolution
		HideSolutionNode = FALSE
	EndGlobalSection
	GlobalSection(NestedProjects) = preSolution
		{6B674B4D-0B25-4D9D-8510-C9C18DB598E1} = {7EF31F02-6E6A-40DE-AB3D-470037734836}
		{740388AF-B28D-46BB-A0DC-57DE9EDDDC1C} = {127D332A-24C9-40A6-A16E-A2195A5A4037}
		{4294C3C6-51FB-44DF-AE8F-F5BCF5DAFB6A} = {127D332A-24C9-40A6-A16E-A2195A5A4037}
		{AF51FC3B-558C-4DC0-A774-22744E3A6516} = {127D332A-24C9-40A6-A16E-A2195A5A4037}
		{E76F76F6-84CC-4DE7-8693-774B38577BB6} = {F2DD2337-DF3C-4AB1-89F1-2BBA998160F8}
		{F94C8D2A-C633-4E21-A023-8287ECC7051E} = {F2DD2337-DF3C-4AB1-89F1-2BBA998160F8}
		{0ACA88C2-F480-4546-BC7B-0178CE8FDDEF} = {F2DD2337-DF3C-4AB1-89F1-2BBA998160F8}
		{D2141CF5-21B0-4F25-B08B-27F6AA03B424} = {F2DD2337-DF3C-4AB1-89F1-2BBA998160F8}
		{1D0D49CD-3AD2-446F-9992-B5FF6B8A48DC} = {271D05AB-B26A-4E21-A95C-B48655FD77F0}
		{DD66E8A8-73B9-4636-ACBE-F155BDE32824} = {271D05AB-B26A-4E21-A95C-B48655FD77F0}
		{66254CC6-A832-428C-91E4-805CA341B105} = {271D05AB-B26A-4E21-A95C-B48655FD77F0}
		{FB5ED71E-9AA3-4A59-A719-CEDD8098B092} = {65A2FEAB-C460-41B0-B599-5B5025B9C7CD}
		{13E06028-D91F-468D-81DA-2A65746C72E9} = {3EEB32DE-9689-46FD-9E41-D012BD9EBDC8}
		{AFD43A07-E6FD-47A6-B295-1F0F338124C3} = {7DBFAA2A-2E7E-4A8B-8B7A-3BCA8A6F19DD}
	EndGlobalSection
	GlobalSection(ExtensibilityGlobals) = postSolution
		SolutionGuid = {55BAD7B7-84C0-4E85-B0F3-A963C086661A}
	EndGlobalSection
EndGlobal
